github.com/golang/glog v1.1.1 h1:jxpi2eWoU84wbX9iIEyAeeoac3FLuifZpY9tcNUD9kw=
github.com/golang/glog v1.1.1/go.mod h1:zR+okUeTbrL6EL3xHUDxZuEtGv04p5shwip1+mL/rLQ=
github.com/unicorn-engine/unicorn v0.0.0-20230207094436-7b8c63dfe650 h1:O8wGQwIFVKk04THvsqbrMi9rXfJwxRU1Bf04NBWvdhI=
github.com/unicorn-engine/unicorn v0.0.0-20230207094436-7b8c63dfe650/go.mod h1:mcHBrigWSHlMZYol9QOFnK7sbltIt/OaKP5CQBZsC+4=
golang.org/x/arch v0.3.0 h1:02VY4/ZcO/gBOH6PUaoiptASxtXU10jazRCP865E97k=
golang.org/x/arch v0.3.0/go.mod h1:5om86z9Hs0C8fWVUuoMHwpExlXzs5Tkyp9hOrfG7pp8=
